
Microsoft Visual Studio Solution File, Format Version 12.00
# Visual Studio Version 16
VisualStudioVersion = 16.0.34301.259
MinimumVisualStudioVersion = 10.0.40219.1
Project("{FAE04EC0-301F-11D3-BF4B-00C04F79EFBC}") = "Datos", "Datos\Datos.csproj", "{CBE27B6B-E86C-4DB8-B1AE-8BCD41C9087C}"
EndProject
Project("{FAE04EC0-301F-11D3-BF4B-00C04F79EFBC}") = "Negocio", "Negocio\Negocio.csproj", "{5D69D738-8452-495A-A5ED-F7509E0D1036}"
EndProject
Project("{FAE04EC0-301F-11D3-BF4B-00C04F79EFBC}") = "Presentacion", "Presentacion\Presentacion.csproj", "{18B23D10-C394-4013-A764-07338F08A13B}"
EndProject
Global
	GlobalSection(SolutionConfigurationPlatforms) = preSolution
		Debug|Any CPU = Debug|Any CPU
		Release|Any CPU = Release|Any CPU
	EndGlobalSection
	GlobalSection(ProjectConfigurationPlatforms) = postSolution
		{CBE27B6B-E86C-4DB8-B1AE-8BCD41C9087C}.Debug|Any CPU.ActiveCfg = Debug|Any CPU
		{CBE27B6B-E86C-4DB8-B1AE-8BCD41C9087C}.Debug|Any CPU.Build.0 = Debug|Any CPU
		{CBE27B6B-E86C-4DB8-B1AE-8BCD41C9087C}.Release|Any CPU.ActiveCfg = Release|Any CPU
		{CBE27B6B-E86C-4DB8-B1AE-8BCD41C9087C}.Release|Any CPU.Build.0 = Release|Any CPU
		{5D69D738-8452-495A-A5ED-F7509E0D1036}.Debug|Any CPU.ActiveCfg = Debug|Any CPU
		{5D69D738-8452-495A-A5ED-F7509E0D1036}.Debug|Any CPU.Build.0 = Debug|Any CPU
		{5D69D738-8452-495A-A5ED-F7509E0D1036}.Release|Any CPU.ActiveCfg = Release|Any CPU
		{5D69D738-8452-495A-A5ED-F7509E0D1036}.Release|Any CPU.Build.0 = Release|Any CPU
		{18B23D10-C394-4013-A764-07338F08A13B}.Debug|Any CPU.ActiveCfg = Debug|Any CPU
		{18B23D10-C394-4013-A764-07338F08A13B}.Debug|Any CPU.Build.0 = Debug|Any CPU
		{18B23D10-C394-4013-A764-07338F08A13B}.Release|Any CPU.ActiveCfg = Release|Any CPU
		{18B23D10-C394-4013-A764-07338F08A13B}.Release|Any CPU.Build.0 = Release|Any CPU
	EndGlobalSection
	GlobalSection(SolutionProperties) = preSolution
		HideSolutionNode = FALSE
	EndGlobalSection
	GlobalSection(ExtensibilityGlobals) = postSolution
		SolutionGuid = {B20451DD-7CB2-4344-97E2-18EA1E2B4F47}
	EndGlobalSection
EndGlobal
